
Microsoft Visual Studio Solution File, Format Version 12.00
# Visual Studio Version 17
VisualStudioVersion = 17.4.33020.496
MinimumVisualStudioVersion = 10.0.40219.1
Project("{FAE04EC0-301F-11D3-BF4B-00C04F79EFBC}") = "CountDown", "CountDown.csproj", "{8F75EFB1-C323-4EAE-94DC-C56BCD310643}"
EndProject
Global
	GlobalSection(SolutionConfigurationPlatforms) = preSolution
		Debug|Any CPU = Debug|Any CPU
		Release|Any CPU = Release|Any CPU
	EndGlobalSection
	GlobalSection(ProjectConfigurationPlatforms) = postSolution
		{8F75EFB1-C323-4EAE-94DC-C56BCD310643}.Debug|Any CPU.ActiveCfg = Debug|Any CPU
		{8F75EFB1-C323-4EAE-94DC-C56BCD310643}.Debug|Any CPU.Build.0 = Debug|Any CPU
		{8F75EFB1-C323-4EAE-94DC-C56BCD310643}.Release|Any CPU.ActiveCfg = Release|Any CPU
		{8F75EFB1-C323-4EAE-94DC-C56BCD310643}.Release|Any CPU.Build.0 = Release|Any CPU
	EndGlobalSection
	GlobalSection(SolutionProperties) = preSolution
		HideSolutionNode = FALSE
	EndGlobalSection
	GlobalSection(ExtensibilityGlobals) = postSolution
		SolutionGuid = {0CBE46A7-76B8-43F1-8E05-11E1C36DA8AE}
	EndGlobalSection
EndGlobal
